
Microsoft Visual Studio Solution File, Format Version 12.00
# Visual Studio Version 17
VisualStudioVersion = 17.1.32210.238
MinimumVisualStudioVersion = 10.0.40219.1
Project("{9A19103F-16F7-4668-BE54-9A1E7A4F7556}") = "Passwordless.Blazor.App", "Passwordless.Blazor.App.csproj", "{AE8D233D-B886-4C3C-A097-6A173725BC5A}"
EndProject
Global
	GlobalSection(SolutionConfigurationPlatforms) = preSolution
		Debug|Any CPU = Debug|Any CPU
		Release|Any CPU = Release|Any CPU
	EndGlobalSection
	GlobalSection(ProjectConfigurationPlatforms) = postSolution
		{AE8D233D-B886-4C3C-A097-6A173725BC5A}.Debug|Any CPU.ActiveCfg = Debug|Any CPU
		{AE8D233D-B886-4C3C-A097-6A173725BC5A}.Debug|Any CPU.Build.0 = Debug|Any CPU
		{AE8D233D-B886-4C3C-A097-6A173725BC5A}.Release|Any CPU.ActiveCfg = Release|Any CPU
		{AE8D233D-B886-4C3C-A097-6A173725BC5A}.Release|Any CPU.Build.0 = Release|Any CPU
	EndGlobalSection
	GlobalSection(SolutionProperties) = preSolution
		HideSolutionNode = FALSE
	EndGlobalSection
	GlobalSection(ExtensibilityGlobals) = postSolution
		SolutionGuid = {97BDD5D5-5FF0-4489-B48C-FABF7DB977DB}
	EndGlobalSection
EndGlobal
